// !$*UTF8*$!
{
	archiveVersion = 1;
	classes = {
	};
	objectVersion = 50;
	objects = {

/* Begin PBXBuildFile section */
		F7732BD122396F0300960495 /* AppDelegate.swift in Sources */ = {isa = PBXBuildFile; fileRef = F7732BD022396F0300960495 /* AppDelegate.swift */; };
		F7732BD322396F0300960495 /* ViewController.swift in Sources */ = {isa = PBXBuildFile; fileRef = F7732BD222396F0300960495 /* ViewController.swift */; };
		F7732BD922396F0300960495 /* PlaylistCoreData.xcdatamodeld in Sources */ = {isa = PBXBuildFile; fileRef = F7732BD722396F0300960495 /* PlaylistCoreData.xcdatamodeld */; };
		F7732BDB22396F0700960495 /* Assets.xcassets in Resources */ = {isa = PBXBuildFile; fileRef = F7732BDA22396F0700960495 /* Assets.xcassets */; };
		F7732BEC223972FD00960495 /* CoreDataStack.swift in Sources */ = {isa = PBXBuildFile; fileRef = F7732BEB223972FD00960495 /* CoreDataStack.swift */; };
		F7732BEE223977ED00960495 /* Song+Convenience.swift in Sources */ = {isa = PBXBuildFile; fileRef = F7732BED223977ED00960495 /* Song+Convenience.swift */; };
		F7732BF22239797000960495 /* LaunchScreen.storyboard in Resources */ = {isa = PBXBuildFile; fileRef = F7732BF12239797000960495 /* LaunchScreen.storyboard */; };
		F7732BF42239798500960495 /* Main.storyboard in Resources */ = {isa = PBXBuildFile; fileRef = F7732BF32239798500960495 /* Main.storyboard */; };
		F7732BF622397A2F00960495 /* Playlist+Convenience.swift in Sources */ = {isa = PBXBuildFile; fileRef = F7732BF522397A2F00960495 /* Playlist+Convenience.swift */; };
		F7732BF822397D3600960495 /* SongController.swift in Sources */ = {isa = PBXBuildFile; fileRef = F7732BF722397D3600960495 /* SongController.swift */; };
		F7732BFA22397DDC00960495 /* PlaylistController.swift in Sources */ = {isa = PBXBuildFile; fileRef = F7732BF922397DDC00960495 /* PlaylistController.swift */; };
/* End PBXBuildFile section */

/* Begin PBXFileReference section */
		F7732BCD22396F0300960495 /* PlaylistCoreData.app */ = {isa = PBXFileReference; explicitFileType = wrapper.application; includeInIndex = 0; path = PlaylistCoreData.app; sourceTree = BUILT_PRODUCTS_DIR; };
		F7732BD022396F0300960495 /* AppDelegate.swift */ = {isa = PBXFileReference; lastKnownFileType = sourcecode.swift; path = AppDelegate.swift; sourceTree = "<group>"; };
		F7732BD222396F0300960495 /* ViewController.swift */ = {isa = PBXFileReference; lastKnownFileType = sourcecode.swift; path = ViewController.swift; sourceTree = "<group>"; };
		F7732BD822396F0300960495 /* PlaylistCoreData.xcdatamodel */ = {isa = PBXFileReference; lastKnownFileType = wrapper.xcdatamodel; path = PlaylistCoreData.xcdatamodel; sourceTree = "<group>"; };
		F7732BDA22396F0700960495 /* Assets.xcassets */ = {isa = PBXFileReference; lastKnownFileType = folder.assetcatalog; path = Assets.xcassets; sourceTree = "<group>"; };
		F7732BDF22396F0700960495 /* Info.plist */ = {isa = PBXFileReference; lastKnownFileType = text.plist.xml; path = Info.plist; sourceTree = "<group>"; };
		F7732BEB223972FD00960495 /* CoreDataStack.swift */ = {isa = PBXFileReference; lastKnownFileType = sourcecode.swift; path = CoreDataStack.swift; sourceTree = "<group>"; };
		F7732BED223977ED00960495 /* Song+Convenience.swift */ = {isa = PBXFileReference; lastKnownFileType = sourcecode.swift; path = "Song+Convenience.swift"; sourceTree = "<group>"; };
		F7732BF12239797000960495 /* LaunchScreen.storyboard */ = {isa = PBXFileReference; lastKnownFileType = file.storyboard; path = LaunchScreen.storyboard; sourceTree = "<group>"; };
		F7732BF32239798500960495 /* Main.storyboard */ = {isa = PBXFileReference; lastKnownFileType = file.storyboard; path = Main.storyboard; sourceTree = "<group>"; };
		F7732BF522397A2F00960495 /* Playlist+Convenience.swift */ = {isa = PBXFileReference; lastKnownFileType = sourcecode.swift; path = "Playlist+Convenience.swift"; sourceTree = "<group>"; };
		F7732BF722397D3600960495 /* SongController.swift */ = {isa = PBXFileReference; lastKnownFileType = sourcecode.swift; path = SongController.swift; sourceTree = "<group>"; };
		F7732BF922397DDC00960495 /* PlaylistController.swift */ = {isa = PBXFileReference; lastKnownFileType = sourcecode.swift; path = PlaylistController.swift; sourceTree = "<group>"; };
/* End PBXFileReference section */

/* Begin PBXFrameworksBuildPhase section */
		F7732BCA22396F0300960495 /* Frameworks */ = {
			isa = PBXFrameworksBuildPhase;
			buildActionMask = 2147483647;
			files = (
			);
			runOnlyForDeploymentPostprocessing = 0;
		};
/* End PBXFrameworksBuildPhase section */

/* Begin PBXGroup section */
		F7732BC422396F0300960495 = {
			isa = PBXGroup;
			children = (
				F7732BCF22396F0300960495 /* PlaylistCoreData */,
				F7732BCE22396F0300960495 /* Products */,
			);
			sourceTree = "<group>";
		};
		F7732BCE22396F0300960495 /* Products */ = {
			isa = PBXGroup;
			children = (
				F7732BCD22396F0300960495 /* PlaylistCoreData.app */,
			);
			name = Products;
			sourceTree = "<group>";
		};
		F7732BCF22396F0300960495 /* PlaylistCoreData */ = {
			isa = PBXGroup;
			children = (
				F7732BEA223970B700960495 /* Storyboards */,
				F7732BE52239704B00960495 /* Models */,
				F7732BE62239704C00960495 /* Controllers */,
				F7732BE72239704C00960495 /* Resources */,
			);
			path = PlaylistCoreData;
			sourceTree = "<group>";
		};
		F7732BE52239704B00960495 /* Models */ = {
			isa = PBXGroup;
			children = (
				F7732BD722396F0300960495 /* PlaylistCoreData.xcdatamodeld */,
				F7732BEB223972FD00960495 /* CoreDataStack.swift */,
				F7732BED223977ED00960495 /* Song+Convenience.swift */,
				F7732BF522397A2F00960495 /* Playlist+Convenience.swift */,
			);
			path = Models;
			sourceTree = "<group>";
		};
		F7732BE62239704C00960495 /* Controllers */ = {
			isa = PBXGroup;
			children = (
				F7732BE92239708D00960495 /* ModelControllers */,
				F7732BE82239705B00960495 /* ViewControllers */,
			);
			name = Controllers;
			path = "New Group/Controllers";
			sourceTree = "<group>";
		};
		F7732BE72239704C00960495 /* Resources */ = {
			isa = PBXGroup;
			children = (
				F7732BD222396F0300960495 /* ViewController.swift */,
				F7732BD022396F0300960495 /* AppDelegate.swift */,
				F7732BDA22396F0700960495 /* Assets.xcassets */,
				F7732BDF22396F0700960495 /* Info.plist */,
			);
			name = Resources;
			path = "New Group/New Group/Resources";
			sourceTree = "<group>";
		};
		F7732BE82239705B00960495 /* ViewControllers */ = {
			isa = PBXGroup;
			children = (
			);
			path = ViewControllers;
			sourceTree = "<group>";
		};
		F7732BE92239708D00960495 /* ModelControllers */ = {
			isa = PBXGroup;
			children = (
				F7732BF722397D3600960495 /* SongController.swift */,
				F7732BF922397DDC00960495 /* PlaylistController.swift */,
			);
			path = ModelControllers;
			sourceTree = "<group>";
		};
		F7732BEA223970B700960495 /* Storyboards */ = {
			isa = PBXGroup;
			children = (
				F7732BF12239797000960495 /* LaunchScreen.storyboard */,
				F7732BF32239798500960495 /* Main.storyboard */,
			);
			path = Storyboards;
			sourceTree = "<group>";
		};
/* End PBXGroup section */

/* Begin PBXNativeTarget section */
		F7732BCC22396F0300960495 /* PlaylistCoreData */ = {
			isa = PBXNativeTarget;
			buildConfigurationList = F7732BE222396F0800960495 /* Build configuration list for PBXNativeTarget "PlaylistCoreData" */;
			buildPhases = (
				F7732BC922396F0300960495 /* Sources */,
				F7732BCA22396F0300960495 /* Frameworks */,
				F7732BCB22396F0300960495 /* Resources */,
			);
			buildRules = (
			);
			dependencies = (
			);
			name = PlaylistCoreData;
			productName = PlaylistCoreData;
			productReference = F7732BCD22396F0300960495 /* PlaylistCoreData.app */;
			productType = "com.apple.product-type.application";
		};
/* End PBXNativeTarget section */

/* Begin PBXProject section */
		F7732BC522396F0300960495 /* Project object */ = {
			isa = PBXProject;
			attributes = {
				LastSwiftUpdateCheck = 1010;
				LastUpgradeCheck = 1010;
				ORGANIZATIONNAME = "Rund LLC";
				TargetAttributes = {
					F7732BCC22396F0300960495 = {
						CreatedOnToolsVersion = 10.1;
					};
				};
			};
			buildConfigurationList = F7732BC822396F0300960495 /* Build configuration list for PBXProject "PlaylistCoreData" */;
			compatibilityVersion = "Xcode 9.3";
			developmentRegion = en;
			hasScannedForEncodings = 0;
			knownRegions = (
				en,
				Base,
			);
			mainGroup = F7732BC422396F0300960495;
			productRefGroup = F7732BCE22396F0300960495 /* Products */;
			projectDirPath = "";
			projectRoot = "";
			targets = (
				F7732BCC22396F0300960495 /* PlaylistCoreData */,
			);
		};
/* End PBXProject section */

/* Begin PBXResourcesBuildPhase section */
		F7732BCB22396F0300960495 /* Resources */ = {
			isa = PBXResourcesBuildPhase;
			buildActionMask = 2147483647;
			files = (
				F7732BF42239798500960495 /* Main.storyboard in Resources */,
				F7732BF22239797000960495 /* LaunchScreen.storyboard in Resources */,
				F7732BDB22396F0700960495 /* Assets.xcassets in Resources */,
			);
			runOnlyForDeploymentPostprocessing = 0;
		};
/* End PBXResourcesBuildPhase section */

/* Begin PBXSourcesBuildPhase section */
		F7732BC922396F0300960495 /* Sources */ = {
			isa = PBXSourcesBuildPhase;
			buildActionMask = 2147483647;
			files = (
				F7732BF822397D3600960495 /* SongController.swift in Sources */,
				F7732BFA22397DDC00960495 /* PlaylistController.swift in Sources */,
				F7732BD322396F0300960495 /* ViewController.swift in Sources */,
				F7732BD122396F0300960495 /* AppDelegate.swift in Sources */,
				F7732BD922396F0300960495 /* PlaylistCoreData.xcdatamodeld in Sources */,
				F7732BEC223972FD00960495 /* CoreDataStack.swift in Sources */,
				F7732BEE223977ED00960495 /* Song+Convenience.swift in Sources */,
				F7732BF622397A2F00960495 /* Playlist+Convenience.swift in Sources */,
			);
			runOnlyForDeploymentPostprocessing = 0;
		};
/* End PBXSourcesBuildPhase section */

/* Begin XCBuildConfiguration section */
		F7732BE022396F0800960495 /* Debug */ = {
			isa = XCBuildConfiguration;
			buildSettings = {
				ALWAYS_SEARCH_USER_PATHS = NO;
				CLANG_ANALYZER_NONNULL = YES;
				CLANG_ANALYZER_NUMBER_OBJECT_CONVERSION = YES_AGGRESSIVE;
				CLANG_CXX_LANGUAGE_STANDARD = "gnu++14";
				CLANG_CXX_LIBRARY = "libc++";
				CLANG_ENABLE_MODULES = YES;
				CLANG_ENABLE_OBJC_ARC = YES;
				CLANG_ENABLE_OBJC_WEAK = YES;
				CLANG_WARN_BLOCK_CAPTURE_AUTORELEASING = YES;
				CLANG_WARN_BOOL_CONVERSION = YES;
				CLANG_WARN_COMMA = YES;
				CLANG_WARN_CONSTANT_CONVERSION = YES;
				CLANG_WARN_DEPRECATED_OBJC_IMPLEMENTATIONS = YES;
				CLANG_WARN_DIRECT_OBJC_ISA_USAGE = YES_ERROR;
				CLANG_WARN_DOCUMENTATION_COMMENTS = YES;
				CLANG_WARN_EMPTY_BODY = YES;
				CLANG_WARN_ENUM_CONVERSION = YES;
				CLANG_WARN_INFINITE_RECURSION = YES;
				CLANG_WARN_INT_CONVERSION = YES;
				CLANG_WARN_NON_LITERAL_NULL_CONVERSION = YES;
				CLANG_WARN_OBJC_IMPLICIT_RETAIN_SELF = YES;
				CLANG_WARN_OBJC_LITERAL_CONVERSION = YES;
				CLANG_WARN_OBJC_ROOT_CLASS = YES_ERROR;
				CLANG_WARN_RANGE_LOOP_ANALYSIS = YES;
				CLANG_WARN_STRICT_PROTOTYPES = YES;
				CLANG_WARN_SUSPICIOUS_MOVE = YES;
				CLANG_WARN_UNGUARDED_AVAILABILITY = YES_AGGRESSIVE;
				CLANG_WARN_UNREACHABLE_CODE = YES;
				CLANG_WARN__DUPLICATE_METHOD_MATCH = YES;
				CODE_SIGN_IDENTITY = "iPhone Developer";
				COPY_PHASE_STRIP = NO;
				DEBUG_INFORMATION_FORMAT = dwarf;
				ENABLE_STRICT_OBJC_MSGSEND = YES;
				ENABLE_TESTABILITY = YES;
				GCC_C_LANGUAGE_STANDARD = gnu11;
				GCC_DYNAMIC_NO_PIC = NO;
				GCC_NO_COMMON_BLOCKS = YES;
				GCC_OPTIMIZATION_LEVEL = 0;
				GCC_PREPROCESSOR_DEFINITIONS = (
					"DEBUG=1",
					"$(inherited)",
				);
				GCC_WARN_64_TO_32_BIT_CONVERSION = YES;
				GCC_WARN_ABOUT_RETURN_TYPE = YES_ERROR;
				GCC_WARN_UNDECLARED_SELECTOR = YES;
				GCC_WARN_UNINITIALIZED_AUTOS = YES_AGGRESSIVE;
				GCC_WARN_UNUSED_FUNCTION = YES;
				GCC_WARN_UNUSED_VARIABLE = YES;
				IPHONEOS_DEPLOYMENT_TARGET = 12.1;
				MTL_ENABLE_DEBUG_INFO = INCLUDE_SOURCE;
				MTL_FAST_MATH = YES;
				ONLY_ACTIVE_ARCH = YES;
				SDKROOT = iphoneos;
				SWIFT_ACTIVE_COMPILATION_CONDITIONS = DEBUG;
				SWIFT_OPTIMIZATION_LEVEL = "-Onone";
			};
			name = Debug;
		};
		F7732BE122396F0800960495 /* Release */ = {
			isa = XCBuildConfiguration;
			buildSettings = {
				ALWAYS_SEARCH_USER_PATHS = NO;
				CLANG_ANALYZER_NONNULL = YES;
				CLANG_ANALYZER_NUMBER_OBJECT_CONVERSION = YES_AGGRESSIVE;
				CLANG_CXX_LANGUAGE_STANDARD = "gnu++14";
				CLANG_CXX_LIBRARY = "libc++";
				CLANG_ENABLE_MODULES = YES;
				CLANG_ENABLE_OBJC_ARC = YES;
				CLANG_ENABLE_OBJC_WEAK = YES;
				CLANG_WARN_BLOCK_CAPTURE_AUTORELEASING = YES;
				CLANG_WARN_BOOL_CONVERSION = YES;
				CLANG_WARN_COMMA = YES;
				CLANG_WARN_CONSTANT_CONVERSION = YES;
				CLANG_WARN_DEPRECATED_OBJC_IMPLEMENTATIONS = YES;
				CLANG_WARN_DIRECT_OBJC_ISA_USAGE = YES_ERROR;
				CLANG_WARN_DOCUMENTATION_COMMENTS = YES;
				CLANG_WARN_EMPTY_BODY = YES;
				CLANG_WARN_ENUM_CONVERSION = YES;
				CLANG_WARN_INFINITE_RECURSION = YES;
				CLANG_WARN_INT_CONVERSION = YES;
				CLANG_WARN_NON_LITERAL_NULL_CONVERSION = YES;
				CLANG_WARN_OBJC_IMPLICIT_RETAIN_SELF = YES;
				CLANG_WARN_OBJC_LITERAL_CONVERSION = YES;
				CLANG_WARN_OBJC_ROOT_CLASS = YES_ERROR;
				CLANG_WARN_RANGE_LOOP_ANALYSIS = YES;
				CLANG_WARN_STRICT_PROTOTYPES = YES;
				CLANG_WARN_SUSPICIOUS_MOVE = YES;
				CLANG_WARN_UNGUARDED_AVAILABILITY = YES_AGGRESSIVE;
				CLANG_WARN_UNREACHABLE_CODE = YES;
				CLANG_WARN__DUPLICATE_METHOD_MATCH = YES;
				CODE_SIGN_IDENTITY = "iPhone Developer";
				COPY_PHASE_STRIP = NO;
				DEBUG_INFORMATION_FORMAT = "dwarf-with-dsym";
				ENABLE_NS_ASSERTIONS = NO;
				ENABLE_STRICT_OBJC_MSGSEND = YES;
				GCC_C_LANGUAGE_STANDARD = gnu11;
				GCC_NO_COMMON_BLOCKS = YES;
				GCC_WARN_64_TO_32_BIT_CONVERSION = YES;
				GCC_WARN_ABOUT_RETURN_TYPE = YES_ERROR;
				GCC_WARN_UNDECLARED_SELECTOR = YES;
				GCC_WARN_UNINITIALIZED_AUTOS = YES_AGGRESSIVE;
				GCC_WARN_UNUSED_FUNCTION = YES;
				GCC_WARN_UNUSED_VARIABLE = YES;
				IPHONEOS_DEPLOYMENT_TARGET = 12.1;
				MTL_ENABLE_DEBUG_INFO = NO;
				MTL_FAST_MATH = YES;
				SDKROOT = iphoneos;
				SWIFT_COMPILATION_MODE = wholemodule;
				SWIFT_OPTIMIZATION_LEVEL = "-O";
				VALIDATE_PRODUCT = YES;
			};
			name = Release;
		};
		F7732BE322396F0800960495 /* Debug */ = {
			isa = XCBuildConfiguration;
			buildSettings = {
				ASSETCATALOG_COMPILER_APPICON_NAME = AppIcon;
				CODE_SIGN_STYLE = Automatic;
				DEVELOPMENT_TEAM = Q89A379BUF;
				INFOPLIST_FILE = "$(SRCROOT)/PlaylistCoreData/New Group/New Group/Resources/Info.plist";
				LD_RUNPATH_SEARCH_PATHS = (
					"$(inherited)",
					"@executable_path/Frameworks",
				);
				PRODUCT_BUNDLE_IDENTIFIER = "Erich-Kumpunen.PlaylistCoreData";
				PRODUCT_NAME = "$(TARGET_NAME)";
				SWIFT_VERSION = 4.2;
				TARGETED_DEVICE_FAMILY = "1,2";
			};
			name = Debug;
		};
		F7732BE422396F0800960495 /* Release */ = {
			isa = XCBuildConfiguration;
			buildSettings = {
				ASSETCATALOG_COMPILER_APPICON_NAME = AppIcon;
				CODE_SIGN_STYLE = Automatic;
				DEVELOPMENT_TEAM = Q89A379BUF;
				INFOPLIST_FILE = "$(SRCROOT)/PlaylistCoreData/New Group/New Group/Resources/Info.plist";
				LD_RUNPATH_SEARCH_PATHS = (
					"$(inherited)",
					"@executable_path/Frameworks",
				);
				PRODUCT_BUNDLE_IDENTIFIER = "Erich-Kumpunen.PlaylistCoreData";
				PRODUCT_NAME = "$(TARGET_NAME)";
				SWIFT_VERSION = 4.2;
				TARGETED_DEVICE_FAMILY = "1,2";
			};
			name = Release;
		};
/* End XCBuildConfiguration section */

/* Begin XCConfigurationList section */
		F7732BC822396F0300960495 /* Build configuration list for PBXProject "PlaylistCoreData" */ = {
			isa = XCConfigurationList;
			buildConfigurations = (
				F7732BE022396F0800960495 /* Debug */,
				F7732BE122396F0800960495 /* Release */,
			);
			defaultConfigurationIsVisible = 0;
			defaultConfigurationName = Release;
		};
		F7732BE222396F0800960495 /* Build configuration list for PBXNativeTarget "PlaylistCoreData" */ = {
			isa = XCConfigurationList;
			buildConfigurations = (
				F7732BE322396F0800960495 /* Debug */,
				F7732BE422396F0800960495 /* Release */,
			);
			defaultConfigurationIsVisible = 0;
			defaultConfigurationName = Release;
		};
/* End XCConfigurationList section */

/* Begin XCVersionGroup section */
		F7732BD722396F0300960495 /* PlaylistCoreData.xcdatamodeld */ = {
			isa = XCVersionGroup;
			children = (
				F7732BD822396F0300960495 /* PlaylistCoreData.xcdatamodel */,
			);
			currentVersion = F7732BD822396F0300960495 /* PlaylistCoreData.xcdatamodel */;
			path = PlaylistCoreData.xcdatamodeld;
			sourceTree = "<group>";
			versionGroupType = wrapper.xcdatamodel;
		};
/* End XCVersionGroup section */
	};
	rootObject = F7732BC522396F0300960495 /* Project object */;
}
